
Microsoft Visual Studio Solution File, Format Version 12.00
Project("{FAE04EC0-301F-11D3-BF4B-00C04F79EFBC}") = "GamesDrop", "GamesDrop\GamesDrop.csproj", "{BB121E03-7142-4552-A538-4ABCF6C48B54}"
EndProject
Global
	GlobalSection(SolutionConfigurationPlatforms) = preSolution
		Debug|Any CPU = Debug|Any CPU
		Release|Any CPU = Release|Any CPU
	EndGlobalSection
	GlobalSection(ProjectConfigurationPlatforms) = postSolution
		{BB121E03-7142-4552-A538-4ABCF6C48B54}.Debug|Any CPU.ActiveCfg = Debug|Any CPU
		{BB121E03-7142-4552-A538-4ABCF6C48B54}.Debug|Any CPU.Build.0 = Debug|Any CPU
		{BB121E03-7142-4552-A538-4ABCF6C48B54}.Release|Any CPU.ActiveCfg = Release|Any CPU
		{BB121E03-7142-4552-A538-4ABCF6C48B54}.Release|Any CPU.Build.0 = Release|Any CPU
	EndGlobalSection
EndGlobal
